
Microsoft Visual Studio Solution File, Format Version 12.00
# Visual Studio Version 17
VisualStudioVersion = 17.0.31903.59
MinimumVisualStudioVersion = 10.0.40219.1
Project("{9A19103F-16F7-4668-BE54-9A1E7A4F7556}") = "GenPhoto", "src\GenPhoto\GenPhoto.csproj", "{9EF15CA2-969B-4911-80FB-D26860AA6123}"
EndProject
Project("{2150E333-8FDC-42A3-9474-1A3956D46DE8}") = "tests", "tests", "{1768B8B1-3B7D-448C-B7FB-2E691F599D88}"
EndProject
Project("{9A19103F-16F7-4668-BE54-9A1E7A4F7556}") = "GenPhoto.Data.Test", "tests\GenPhoto.Data.Test\GenPhoto.Data.Test.csproj", "{027C06A9-A677-4B27-A6ED-51D3F246C004}"
EndProject
Project("{2150E333-8FDC-42A3-9474-1A3956D46DE8}") = "src", "src", "{9E5613A0-31FF-4438-9DC0-779D1EDE5D1F}"
EndProject
Project("{9A19103F-16F7-4668-BE54-9A1E7A4F7556}") = "GenPhoto.Data", "src\GenPhoto.Data\GenPhoto.Data.csproj", "{6F08317A-F821-4240-8110-55E3E4878878}"
EndProject
Global
	GlobalSection(SolutionConfigurationPlatforms) = preSolution
		Debug|Any CPU = Debug|Any CPU
		Release|Any CPU = Release|Any CPU
	EndGlobalSection
	GlobalSection(ProjectConfigurationPlatforms) = postSolution
		{9EF15CA2-969B-4911-80FB-D26860AA6123}.Debug|Any CPU.ActiveCfg = Debug|Any CPU
		{9EF15CA2-969B-4911-80FB-D26860AA6123}.Debug|Any CPU.Build.0 = Debug|Any CPU
		{9EF15CA2-969B-4911-80FB-D26860AA6123}.Release|Any CPU.ActiveCfg = Release|Any CPU
		{9EF15CA2-969B-4911-80FB-D26860AA6123}.Release|Any CPU.Build.0 = Release|Any CPU
		{027C06A9-A677-4B27-A6ED-51D3F246C004}.Debug|Any CPU.ActiveCfg = Debug|Any CPU
		{027C06A9-A677-4B27-A6ED-51D3F246C004}.Debug|Any CPU.Build.0 = Debug|Any CPU
		{027C06A9-A677-4B27-A6ED-51D3F246C004}.Release|Any CPU.ActiveCfg = Release|Any CPU
		{027C06A9-A677-4B27-A6ED-51D3F246C004}.Release|Any CPU.Build.0 = Release|Any CPU
		{6F08317A-F821-4240-8110-55E3E4878878}.Debug|Any CPU.ActiveCfg = Debug|Any CPU
		{6F08317A-F821-4240-8110-55E3E4878878}.Debug|Any CPU.Build.0 = Debug|Any CPU
		{6F08317A-F821-4240-8110-55E3E4878878}.Release|Any CPU.ActiveCfg = Release|Any CPU
		{6F08317A-F821-4240-8110-55E3E4878878}.Release|Any CPU.Build.0 = Release|Any CPU
	EndGlobalSection
	GlobalSection(SolutionProperties) = preSolution
		HideSolutionNode = FALSE
	EndGlobalSection
	GlobalSection(NestedProjects) = preSolution
		{9EF15CA2-969B-4911-80FB-D26860AA6123} = {9E5613A0-31FF-4438-9DC0-779D1EDE5D1F}
		{027C06A9-A677-4B27-A6ED-51D3F246C004} = {1768B8B1-3B7D-448C-B7FB-2E691F599D88}
		{6F08317A-F821-4240-8110-55E3E4878878} = {9E5613A0-31FF-4438-9DC0-779D1EDE5D1F}
	EndGlobalSection
	GlobalSection(ExtensibilityGlobals) = postSolution
		SolutionGuid = {B88AA28D-3250-4F78-8E9E-D48486152F7D}
	EndGlobalSection
EndGlobal
