
Microsoft Visual Studio Solution File, Format Version 12.00
# Visual Studio Version 17
VisualStudioVersion = 17.0.31903.59
MinimumVisualStudioVersion = 10.0.40219.1
Project("{9A19103F-16F7-4668-BE54-9A1E7A4F7556}") = "GenPhoto", "src\GenPhoto\GenPhoto.csproj", "{9EF15CA2-969B-4911-80FB-D26860AA6123}"
EndProject
Project("{2150E333-8FDC-42A3-9474-1A3956D46DE8}") = "tests", "tests", "{1768B8B1-3B7D-448C-B7FB-2E691F599D88}"
EndProject
Project("{2150E333-8FDC-42A3-9474-1A3956D46DE8}") = "src", "src", "{9E5613A0-31FF-4438-9DC0-779D1EDE5D1F}"
EndProject
Project("{9A19103F-16F7-4668-BE54-9A1E7A4F7556}") = "GenPhoto.Data", "src\GenPhoto.Data\GenPhoto.Data.csproj", "{6F08317A-F821-4240-8110-55E3E4878878}"
EndProject
Project("{9A19103F-16F7-4668-BE54-9A1E7A4F7556}") = "GenPhoto.Parser", "src\GenPhoto.Parser\GenPhoto.Parser.csproj", "{8A36B145-C4EC-42A6-A921-00BED4E7064C}"
EndProject
Project("{9A19103F-16F7-4668-BE54-9A1E7A4F7556}") = "GenPhoto.Shared", "src\GenPhoto.Shared\GenPhoto.Shared.csproj", "{26D768AF-06A9-4401-91A5-423D48BCA08E}"
EndProject
Project("{9A19103F-16F7-4668-BE54-9A1E7A4F7556}") = "GenPhoto.Parser.Test", "tests\GenPhoto.Parser.Test\GenPhoto.Parser.Test.csproj", "{36AE51B3-FCE4-4C3A-93A0-6725A6D48B0E}"
EndProject
Project("{FAE04EC0-301F-11D3-BF4B-00C04F79EFBC}") = "GenPhoto.Data.Test", "tests\GenPhoto.Data.Test\GenPhoto.Data.Test.csproj", "{0C6523A5-3CCD-4351-B30E-ACAEEB13C566}"
EndProject
Global
	GlobalSection(SolutionConfigurationPlatforms) = preSolution
		Debug|Any CPU = Debug|Any CPU
		Release|Any CPU = Release|Any CPU
	EndGlobalSection
	GlobalSection(ProjectConfigurationPlatforms) = postSolution
		{9EF15CA2-969B-4911-80FB-D26860AA6123}.Debug|Any CPU.ActiveCfg = Debug|Any CPU
		{9EF15CA2-969B-4911-80FB-D26860AA6123}.Debug|Any CPU.Build.0 = Debug|Any CPU
		{9EF15CA2-969B-4911-80FB-D26860AA6123}.Release|Any CPU.ActiveCfg = Release|Any CPU
		{9EF15CA2-969B-4911-80FB-D26860AA6123}.Release|Any CPU.Build.0 = Release|Any CPU
		{6F08317A-F821-4240-8110-55E3E4878878}.Debug|Any CPU.ActiveCfg = Debug|Any CPU
		{6F08317A-F821-4240-8110-55E3E4878878}.Debug|Any CPU.Build.0 = Debug|Any CPU
		{6F08317A-F821-4240-8110-55E3E4878878}.Release|Any CPU.ActiveCfg = Release|Any CPU
		{6F08317A-F821-4240-8110-55E3E4878878}.Release|Any CPU.Build.0 = Release|Any CPU
		{8A36B145-C4EC-42A6-A921-00BED4E7064C}.Debug|Any CPU.ActiveCfg = Debug|Any CPU
		{8A36B145-C4EC-42A6-A921-00BED4E7064C}.Debug|Any CPU.Build.0 = Debug|Any CPU
		{8A36B145-C4EC-42A6-A921-00BED4E7064C}.Release|Any CPU.ActiveCfg = Release|Any CPU
		{8A36B145-C4EC-42A6-A921-00BED4E7064C}.Release|Any CPU.Build.0 = Release|Any CPU
		{26D768AF-06A9-4401-91A5-423D48BCA08E}.Debug|Any CPU.ActiveCfg = Debug|Any CPU
		{26D768AF-06A9-4401-91A5-423D48BCA08E}.Debug|Any CPU.Build.0 = Debug|Any CPU
		{26D768AF-06A9-4401-91A5-423D48BCA08E}.Release|Any CPU.ActiveCfg = Release|Any CPU
		{26D768AF-06A9-4401-91A5-423D48BCA08E}.Release|Any CPU.Build.0 = Release|Any CPU
		{36AE51B3-FCE4-4C3A-93A0-6725A6D48B0E}.Debug|Any CPU.ActiveCfg = Debug|Any CPU
		{36AE51B3-FCE4-4C3A-93A0-6725A6D48B0E}.Debug|Any CPU.Build.0 = Debug|Any CPU
		{36AE51B3-FCE4-4C3A-93A0-6725A6D48B0E}.Release|Any CPU.ActiveCfg = Release|Any CPU
		{36AE51B3-FCE4-4C3A-93A0-6725A6D48B0E}.Release|Any CPU.Build.0 = Release|Any CPU
		{0C6523A5-3CCD-4351-B30E-ACAEEB13C566}.Debug|Any CPU.ActiveCfg = Debug|Any CPU
		{0C6523A5-3CCD-4351-B30E-ACAEEB13C566}.Debug|Any CPU.Build.0 = Debug|Any CPU
		{0C6523A5-3CCD-4351-B30E-ACAEEB13C566}.Release|Any CPU.ActiveCfg = Release|Any CPU
		{0C6523A5-3CCD-4351-B30E-ACAEEB13C566}.Release|Any CPU.Build.0 = Release|Any CPU
	EndGlobalSection
	GlobalSection(SolutionProperties) = preSolution
		HideSolutionNode = FALSE
	EndGlobalSection
	GlobalSection(NestedProjects) = preSolution
		{9EF15CA2-969B-4911-80FB-D26860AA6123} = {9E5613A0-31FF-4438-9DC0-779D1EDE5D1F}
		{6F08317A-F821-4240-8110-55E3E4878878} = {9E5613A0-31FF-4438-9DC0-779D1EDE5D1F}
		{8A36B145-C4EC-42A6-A921-00BED4E7064C} = {9E5613A0-31FF-4438-9DC0-779D1EDE5D1F}
		{26D768AF-06A9-4401-91A5-423D48BCA08E} = {9E5613A0-31FF-4438-9DC0-779D1EDE5D1F}
		{36AE51B3-FCE4-4C3A-93A0-6725A6D48B0E} = {1768B8B1-3B7D-448C-B7FB-2E691F599D88}
		{0C6523A5-3CCD-4351-B30E-ACAEEB13C566} = {1768B8B1-3B7D-448C-B7FB-2E691F599D88}
	EndGlobalSection
	GlobalSection(ExtensibilityGlobals) = postSolution
		SolutionGuid = {B88AA28D-3250-4F78-8E9E-D48486152F7D}
	EndGlobalSection
EndGlobal
